
Microsoft Visual Studio Solution File, Format Version 12.00
# Visual Studio 15
VisualStudioVersion = 15.0.27703.2026
MinimumVisualStudioVersion = 10.0.40219.1
Project("{FAE04EC0-301F-11D3-BF4B-00C04F79EFBC}") = "ContactBot", "ContactBot\ContactBot.csproj", "{6F9A8060-5F42-46D2-818E-E0D328CC21A9}"
EndProject
Global
	GlobalSection(SolutionConfigurationPlatforms) = preSolution
		Debug|Any CPU = Debug|Any CPU
		Release|Any CPU = Release|Any CPU
	EndGlobalSection
	GlobalSection(ProjectConfigurationPlatforms) = postSolution
		{6F9A8060-5F42-46D2-818E-E0D328CC21A9}.Debug|Any CPU.ActiveCfg = Debug|Any CPU
		{6F9A8060-5F42-46D2-818E-E0D328CC21A9}.Debug|Any CPU.Build.0 = Debug|Any CPU
		{6F9A8060-5F42-46D2-818E-E0D328CC21A9}.Release|Any CPU.ActiveCfg = Release|Any CPU
		{6F9A8060-5F42-46D2-818E-E0D328CC21A9}.Release|Any CPU.Build.0 = Release|Any CPU
	EndGlobalSection
	GlobalSection(SolutionProperties) = preSolution
		HideSolutionNode = FALSE
	EndGlobalSection
	GlobalSection(ExtensibilityGlobals) = postSolution
		SolutionGuid = {8B05AF44-A713-426B-A7DE-14BBE6108481}
	EndGlobalSection
EndGlobal
